
Microsoft Visual Studio Solution File, Format Version 12.00
# Visual Studio Version 16
VisualStudioVersion = 16.0.29613.14
MinimumVisualStudioVersion = 10.0.40219.1
Project("{FAE04EC0-301F-11D3-BF4B-00C04F79EFBC}") = "EasyCamelCase", "EasyCamelCase\EasyCamelCase.csproj", "{12D11E64-7E1A-45E5-A18D-CECD809751B6}"
EndProject
Project("{FAE04EC0-301F-11D3-BF4B-00C04F79EFBC}") = "DiagonalDifference", "DiagonalDifference\DiagonalDifference.csproj", "{CB7B377A-BE5E-488C-8ECF-A63E3E21869D}"
EndProject
Project("{FAE04EC0-301F-11D3-BF4B-00C04F79EFBC}") = "Staircase", "Staircase\Staircase.csproj", "{6F1490BD-0C43-4F19-A6C5-86AC8AA73CED}"
EndProject
Project("{FAE04EC0-301F-11D3-BF4B-00C04F79EFBC}") = "TimeConversion", "TimeConversion\TimeConversion.csproj", "{A3812644-ECC2-4134-A2FF-960380318E2D}"
EndProject
Project("{FAE04EC0-301F-11D3-BF4B-00C04F79EFBC}") = "StrongPassword", "StrongPassword\StrongPassword.csproj", "{8E89316B-F0E7-4C33-A0C2-FB25F495B056}"
EndProject
Project("{FAE04EC0-301F-11D3-BF4B-00C04F79EFBC}") = "HackerRankinString", "HackerRankinString\HackerRankinString.csproj", "{00D142B0-AB6A-4B5F-8FF4-B38D6A9232A4}"
EndProject
Project("{FAE04EC0-301F-11D3-BF4B-00C04F79EFBC}") = "StringConstruction", "StringConstruction\StringConstruction.csproj", "{DD39133C-D129-40E9-BCA3-1BF96A3DCEFC}"
EndProject
Project("{FAE04EC0-301F-11D3-BF4B-00C04F79EFBC}") = "FunnyString", "FunnyString\FunnyString.csproj", "{6AC14E85-8F7E-4F41-B577-C2FFC8DD7D54}"
EndProject
Project("{FAE04EC0-301F-11D3-BF4B-00C04F79EFBC}") = "Pangrams", "Pangrams\Pangrams.csproj", "{BD3C65E5-881D-4B67-A6C6-204BFB82E232}"
EndProject
Project("{FAE04EC0-301F-11D3-BF4B-00C04F79EFBC}") = "Gemstones", "Gemstones\Gemstones.csproj", "{284194ED-1AE6-409B-B026-FE21ADE10E19}"
EndProject
Project("{FAE04EC0-301F-11D3-BF4B-00C04F79EFBC}") = "SuperReducedString", "SuperReducedString\SuperReducedString.csproj", "{1F10D5E9-423C-44EA-BD9E-80E44FEAB7C2}"
EndProject
Project("{FAE04EC0-301F-11D3-BF4B-00C04F79EFBC}") = "TheLoveLetterMystery", "TheLoveLetterMystery\TheLoveLetterMystery.csproj", "{41CE32C4-54F5-42D0-BCE8-F9645AAC439B}"
EndProject
Project("{FAE04EC0-301F-11D3-BF4B-00C04F79EFBC}") = "CaesarCipher", "CaesarCipher\CaesarCipher.csproj", "{467670C9-B530-4229-B13C-DD5AF508562E}"
EndProject
Project("{FAE04EC0-301F-11D3-BF4B-00C04F79EFBC}") = "MarsExploration", "MarsExploration\MarsExploration.csproj", "{2A16D73F-D2C5-43F9-9C10-F24ACE08B88A}"
EndProject
Project("{FAE04EC0-301F-11D3-BF4B-00C04F79EFBC}") = "TwoStrings", "TwoStrings\TwoStrings.csproj", "{48ED7C13-92B6-4439-BE0C-94EDE2C206C9}"
EndProject
Project("{FAE04EC0-301F-11D3-BF4B-00C04F79EFBC}") = "SeparateTheNumbers", "SeparateTheNumbers\SeparateTheNumbers.csproj", "{287883D4-1A31-45A5-9FB9-229BAE8F4FF8}"
EndProject
Project("{FAE04EC0-301F-11D3-BF4B-00C04F79EFBC}") = "GameOfThronesFirst", "GameOfThronesFirst\GameOfThronesFirst.csproj", "{E72C9F67-C3F1-4248-8175-C8D1776EF760}"
EndProject
Project("{FAE04EC0-301F-11D3-BF4B-00C04F79EFBC}") = "AppleAndOrange", "AppleAndOrange\AppleAndOrange.csproj", "{45BEFD18-A471-473D-8718-8355E50CE6EF}"
EndProject
Project("{FAE04EC0-301F-11D3-BF4B-00C04F79EFBC}") = "Kangaroo", "Kangaroo\Kangaroo.csproj", "{CAD48BD1-3FE9-43AA-804F-BAE99D169B81}"
EndProject
Project("{FAE04EC0-301F-11D3-BF4B-00C04F79EFBC}") = "DivisibleSumPairs", "DivisibleSumPairs\DivisibleSumPairs.csproj", "{B1EF06B4-7453-42E4-95D8-FD947784A905}"
EndProject
Project("{FAE04EC0-301F-11D3-BF4B-00C04F79EFBC}") = "DayOfTheProgrammer", "DayOfTheProgrammer\DayOfTheProgrammer.csproj", "{788C956A-126E-4B1D-BB04-55DFCA6BC93E}"
EndProject
Project("{FAE04EC0-301F-11D3-BF4B-00C04F79EFBC}") = "BreakingTheRecords", "BreakingTheRecords\BreakingTheRecords.csproj", "{D069C942-3EFC-4E7E-897A-CABB5CFAB3D3}"
EndProject
Project("{FAE04EC0-301F-11D3-BF4B-00C04F79EFBC}") = "BirthdayChocolate", "BirthdayChocolate\BirthdayChocolate.csproj", "{11474A18-3B30-4886-8DC4-2320C4123F0C}"
EndProject
Project("{FAE04EC0-301F-11D3-BF4B-00C04F79EFBC}") = "MigratoryBirds", "MigratoryBirds\MigratoryBirds.csproj", "{414C6EE7-7CB3-4226-8790-79E39E685502}"
EndProject
Project("{FAE04EC0-301F-11D3-BF4B-00C04F79EFBC}") = "BonAppetit", "BonAppetit\BonAppetit.csproj", "{0FE29B61-28DB-4169-8610-E5B51C16E69F}"
EndProject
Project("{FAE04EC0-301F-11D3-BF4B-00C04F79EFBC}") = "SockMerchant", "SockMerchant\SockMerchant.csproj", "{E967BB5B-58F5-4A72-932A-F9FEF8F5F270}"
EndProject
Project("{FAE04EC0-301F-11D3-BF4B-00C04F79EFBC}") = "BeautifulDaysAtTheMovies", "BeautifulDaysAtTheMovies\BeautifulDaysAtTheMovies.csproj", "{0EF371F5-7ADB-4A30-BD0C-2AE58FF98D0F}"
EndProject
Project("{FAE04EC0-301F-11D3-BF4B-00C04F79EFBC}") = "FindDigits", "FindDigits\FindDigits.csproj", "{70972D64-6F4A-403D-A726-301E6E6FDB1D}"
EndProject
Project("{FAE04EC0-301F-11D3-BF4B-00C04F79EFBC}") = "AppendAndDelete", "AppendAndDelete\AppendAndDelete.csproj", "{4CF8FBBD-6125-4F40-9E29-C94542D5343C}"
EndProject
Project("{FAE04EC0-301F-11D3-BF4B-00C04F79EFBC}") = "SherlockAndSquares", "SherlockAndSquares\SherlockAndSquares.csproj", "{36C59DAC-1BA4-484F-B3AD-770D70331827}"
EndProject
Global
	GlobalSection(SolutionConfigurationPlatforms) = preSolution
		Debug|Any CPU = Debug|Any CPU
		Release|Any CPU = Release|Any CPU
	EndGlobalSection
	GlobalSection(ProjectConfigurationPlatforms) = postSolution
		{12D11E64-7E1A-45E5-A18D-CECD809751B6}.Debug|Any CPU.ActiveCfg = Debug|Any CPU
		{12D11E64-7E1A-45E5-A18D-CECD809751B6}.Debug|Any CPU.Build.0 = Debug|Any CPU
		{12D11E64-7E1A-45E5-A18D-CECD809751B6}.Release|Any CPU.ActiveCfg = Release|Any CPU
		{12D11E64-7E1A-45E5-A18D-CECD809751B6}.Release|Any CPU.Build.0 = Release|Any CPU
		{CB7B377A-BE5E-488C-8ECF-A63E3E21869D}.Debug|Any CPU.ActiveCfg = Debug|Any CPU
		{CB7B377A-BE5E-488C-8ECF-A63E3E21869D}.Debug|Any CPU.Build.0 = Debug|Any CPU
		{CB7B377A-BE5E-488C-8ECF-A63E3E21869D}.Release|Any CPU.ActiveCfg = Release|Any CPU
		{CB7B377A-BE5E-488C-8ECF-A63E3E21869D}.Release|Any CPU.Build.0 = Release|Any CPU
		{6F1490BD-0C43-4F19-A6C5-86AC8AA73CED}.Debug|Any CPU.ActiveCfg = Debug|Any CPU
		{6F1490BD-0C43-4F19-A6C5-86AC8AA73CED}.Debug|Any CPU.Build.0 = Debug|Any CPU
		{6F1490BD-0C43-4F19-A6C5-86AC8AA73CED}.Release|Any CPU.ActiveCfg = Release|Any CPU
		{6F1490BD-0C43-4F19-A6C5-86AC8AA73CED}.Release|Any CPU.Build.0 = Release|Any CPU
		{A3812644-ECC2-4134-A2FF-960380318E2D}.Debug|Any CPU.ActiveCfg = Debug|Any CPU
		{A3812644-ECC2-4134-A2FF-960380318E2D}.Debug|Any CPU.Build.0 = Debug|Any CPU
		{A3812644-ECC2-4134-A2FF-960380318E2D}.Release|Any CPU.ActiveCfg = Release|Any CPU
		{A3812644-ECC2-4134-A2FF-960380318E2D}.Release|Any CPU.Build.0 = Release|Any CPU
		{8E89316B-F0E7-4C33-A0C2-FB25F495B056}.Debug|Any CPU.ActiveCfg = Debug|Any CPU
		{8E89316B-F0E7-4C33-A0C2-FB25F495B056}.Debug|Any CPU.Build.0 = Debug|Any CPU
		{8E89316B-F0E7-4C33-A0C2-FB25F495B056}.Release|Any CPU.ActiveCfg = Release|Any CPU
		{8E89316B-F0E7-4C33-A0C2-FB25F495B056}.Release|Any CPU.Build.0 = Release|Any CPU
		{00D142B0-AB6A-4B5F-8FF4-B38D6A9232A4}.Debug|Any CPU.ActiveCfg = Debug|Any CPU
		{00D142B0-AB6A-4B5F-8FF4-B38D6A9232A4}.Debug|Any CPU.Build.0 = Debug|Any CPU
		{00D142B0-AB6A-4B5F-8FF4-B38D6A9232A4}.Release|Any CPU.ActiveCfg = Release|Any CPU
		{00D142B0-AB6A-4B5F-8FF4-B38D6A9232A4}.Release|Any CPU.Build.0 = Release|Any CPU
		{DD39133C-D129-40E9-BCA3-1BF96A3DCEFC}.Debug|Any CPU.ActiveCfg = Debug|Any CPU
		{DD39133C-D129-40E9-BCA3-1BF96A3DCEFC}.Debug|Any CPU.Build.0 = Debug|Any CPU
		{DD39133C-D129-40E9-BCA3-1BF96A3DCEFC}.Release|Any CPU.ActiveCfg = Release|Any CPU
		{DD39133C-D129-40E9-BCA3-1BF96A3DCEFC}.Release|Any CPU.Build.0 = Release|Any CPU
		{6AC14E85-8F7E-4F41-B577-C2FFC8DD7D54}.Debug|Any CPU.ActiveCfg = Debug|Any CPU
		{6AC14E85-8F7E-4F41-B577-C2FFC8DD7D54}.Debug|Any CPU.Build.0 = Debug|Any CPU
		{6AC14E85-8F7E-4F41-B577-C2FFC8DD7D54}.Release|Any CPU.ActiveCfg = Release|Any CPU
		{6AC14E85-8F7E-4F41-B577-C2FFC8DD7D54}.Release|Any CPU.Build.0 = Release|Any CPU
		{BD3C65E5-881D-4B67-A6C6-204BFB82E232}.Debug|Any CPU.ActiveCfg = Debug|Any CPU
		{BD3C65E5-881D-4B67-A6C6-204BFB82E232}.Debug|Any CPU.Build.0 = Debug|Any CPU
		{BD3C65E5-881D-4B67-A6C6-204BFB82E232}.Release|Any CPU.ActiveCfg = Release|Any CPU
		{BD3C65E5-881D-4B67-A6C6-204BFB82E232}.Release|Any CPU.Build.0 = Release|Any CPU
		{284194ED-1AE6-409B-B026-FE21ADE10E19}.Debug|Any CPU.ActiveCfg = Debug|Any CPU
		{284194ED-1AE6-409B-B026-FE21ADE10E19}.Debug|Any CPU.Build.0 = Debug|Any CPU
		{284194ED-1AE6-409B-B026-FE21ADE10E19}.Release|Any CPU.ActiveCfg = Release|Any CPU
		{284194ED-1AE6-409B-B026-FE21ADE10E19}.Release|Any CPU.Build.0 = Release|Any CPU
		{1F10D5E9-423C-44EA-BD9E-80E44FEAB7C2}.Debug|Any CPU.ActiveCfg = Debug|Any CPU
		{1F10D5E9-423C-44EA-BD9E-80E44FEAB7C2}.Debug|Any CPU.Build.0 = Debug|Any CPU
		{1F10D5E9-423C-44EA-BD9E-80E44FEAB7C2}.Release|Any CPU.ActiveCfg = Release|Any CPU
		{1F10D5E9-423C-44EA-BD9E-80E44FEAB7C2}.Release|Any CPU.Build.0 = Release|Any CPU
		{41CE32C4-54F5-42D0-BCE8-F9645AAC439B}.Debug|Any CPU.ActiveCfg = Debug|Any CPU
		{41CE32C4-54F5-42D0-BCE8-F9645AAC439B}.Debug|Any CPU.Build.0 = Debug|Any CPU
		{41CE32C4-54F5-42D0-BCE8-F9645AAC439B}.Release|Any CPU.ActiveCfg = Release|Any CPU
		{41CE32C4-54F5-42D0-BCE8-F9645AAC439B}.Release|Any CPU.Build.0 = Release|Any CPU
		{467670C9-B530-4229-B13C-DD5AF508562E}.Debug|Any CPU.ActiveCfg = Debug|Any CPU
		{467670C9-B530-4229-B13C-DD5AF508562E}.Debug|Any CPU.Build.0 = Debug|Any CPU
		{467670C9-B530-4229-B13C-DD5AF508562E}.Release|Any CPU.ActiveCfg = Release|Any CPU
		{467670C9-B530-4229-B13C-DD5AF508562E}.Release|Any CPU.Build.0 = Release|Any CPU
		{2A16D73F-D2C5-43F9-9C10-F24ACE08B88A}.Debug|Any CPU.ActiveCfg = Debug|Any CPU
		{2A16D73F-D2C5-43F9-9C10-F24ACE08B88A}.Debug|Any CPU.Build.0 = Debug|Any CPU
		{2A16D73F-D2C5-43F9-9C10-F24ACE08B88A}.Release|Any CPU.ActiveCfg = Release|Any CPU
		{2A16D73F-D2C5-43F9-9C10-F24ACE08B88A}.Release|Any CPU.Build.0 = Release|Any CPU
		{48ED7C13-92B6-4439-BE0C-94EDE2C206C9}.Debug|Any CPU.ActiveCfg = Debug|Any CPU
		{48ED7C13-92B6-4439-BE0C-94EDE2C206C9}.Debug|Any CPU.Build.0 = Debug|Any CPU
		{48ED7C13-92B6-4439-BE0C-94EDE2C206C9}.Release|Any CPU.ActiveCfg = Release|Any CPU
		{48ED7C13-92B6-4439-BE0C-94EDE2C206C9}.Release|Any CPU.Build.0 = Release|Any CPU
		{287883D4-1A31-45A5-9FB9-229BAE8F4FF8}.Debug|Any CPU.ActiveCfg = Debug|Any CPU
		{287883D4-1A31-45A5-9FB9-229BAE8F4FF8}.Debug|Any CPU.Build.0 = Debug|Any CPU
		{287883D4-1A31-45A5-9FB9-229BAE8F4FF8}.Release|Any CPU.ActiveCfg = Release|Any CPU
		{287883D4-1A31-45A5-9FB9-229BAE8F4FF8}.Release|Any CPU.Build.0 = Release|Any CPU
		{E72C9F67-C3F1-4248-8175-C8D1776EF760}.Debug|Any CPU.ActiveCfg = Debug|Any CPU
		{E72C9F67-C3F1-4248-8175-C8D1776EF760}.Debug|Any CPU.Build.0 = Debug|Any CPU
		{E72C9F67-C3F1-4248-8175-C8D1776EF760}.Release|Any CPU.ActiveCfg = Release|Any CPU
		{E72C9F67-C3F1-4248-8175-C8D1776EF760}.Release|Any CPU.Build.0 = Release|Any CPU
		{45BEFD18-A471-473D-8718-8355E50CE6EF}.Debug|Any CPU.ActiveCfg = Debug|Any CPU
		{45BEFD18-A471-473D-8718-8355E50CE6EF}.Debug|Any CPU.Build.0 = Debug|Any CPU
		{45BEFD18-A471-473D-8718-8355E50CE6EF}.Release|Any CPU.ActiveCfg = Release|Any CPU
		{45BEFD18-A471-473D-8718-8355E50CE6EF}.Release|Any CPU.Build.0 = Release|Any CPU
		{CAD48BD1-3FE9-43AA-804F-BAE99D169B81}.Debug|Any CPU.ActiveCfg = Debug|Any CPU
		{CAD48BD1-3FE9-43AA-804F-BAE99D169B81}.Debug|Any CPU.Build.0 = Debug|Any CPU
		{CAD48BD1-3FE9-43AA-804F-BAE99D169B81}.Release|Any CPU.ActiveCfg = Release|Any CPU
		{CAD48BD1-3FE9-43AA-804F-BAE99D169B81}.Release|Any CPU.Build.0 = Release|Any CPU
		{B1EF06B4-7453-42E4-95D8-FD947784A905}.Debug|Any CPU.ActiveCfg = Debug|Any CPU
		{B1EF06B4-7453-42E4-95D8-FD947784A905}.Debug|Any CPU.Build.0 = Debug|Any CPU
		{B1EF06B4-7453-42E4-95D8-FD947784A905}.Release|Any CPU.ActiveCfg = Release|Any CPU
		{B1EF06B4-7453-42E4-95D8-FD947784A905}.Release|Any CPU.Build.0 = Release|Any CPU
		{788C956A-126E-4B1D-BB04-55DFCA6BC93E}.Debug|Any CPU.ActiveCfg = Debug|Any CPU
		{788C956A-126E-4B1D-BB04-55DFCA6BC93E}.Debug|Any CPU.Build.0 = Debug|Any CPU
		{788C956A-126E-4B1D-BB04-55DFCA6BC93E}.Release|Any CPU.ActiveCfg = Release|Any CPU
		{788C956A-126E-4B1D-BB04-55DFCA6BC93E}.Release|Any CPU.Build.0 = Release|Any CPU
		{D069C942-3EFC-4E7E-897A-CABB5CFAB3D3}.Debug|Any CPU.ActiveCfg = Debug|Any CPU
		{D069C942-3EFC-4E7E-897A-CABB5CFAB3D3}.Debug|Any CPU.Build.0 = Debug|Any CPU
		{D069C942-3EFC-4E7E-897A-CABB5CFAB3D3}.Release|Any CPU.ActiveCfg = Release|Any CPU
		{D069C942-3EFC-4E7E-897A-CABB5CFAB3D3}.Release|Any CPU.Build.0 = Release|Any CPU
		{11474A18-3B30-4886-8DC4-2320C4123F0C}.Debug|Any CPU.ActiveCfg = Debug|Any CPU
		{11474A18-3B30-4886-8DC4-2320C4123F0C}.Debug|Any CPU.Build.0 = Debug|Any CPU
		{11474A18-3B30-4886-8DC4-2320C4123F0C}.Release|Any CPU.ActiveCfg = Release|Any CPU
		{11474A18-3B30-4886-8DC4-2320C4123F0C}.Release|Any CPU.Build.0 = Release|Any CPU
		{414C6EE7-7CB3-4226-8790-79E39E685502}.Debug|Any CPU.ActiveCfg = Debug|Any CPU
		{414C6EE7-7CB3-4226-8790-79E39E685502}.Debug|Any CPU.Build.0 = Debug|Any CPU
		{414C6EE7-7CB3-4226-8790-79E39E685502}.Release|Any CPU.ActiveCfg = Release|Any CPU
		{414C6EE7-7CB3-4226-8790-79E39E685502}.Release|Any CPU.Build.0 = Release|Any CPU
		{0FE29B61-28DB-4169-8610-E5B51C16E69F}.Debug|Any CPU.ActiveCfg = Debug|Any CPU
		{0FE29B61-28DB-4169-8610-E5B51C16E69F}.Debug|Any CPU.Build.0 = Debug|Any CPU
		{0FE29B61-28DB-4169-8610-E5B51C16E69F}.Release|Any CPU.ActiveCfg = Release|Any CPU
		{0FE29B61-28DB-4169-8610-E5B51C16E69F}.Release|Any CPU.Build.0 = Release|Any CPU
		{E967BB5B-58F5-4A72-932A-F9FEF8F5F270}.Debug|Any CPU.ActiveCfg = Debug|Any CPU
		{E967BB5B-58F5-4A72-932A-F9FEF8F5F270}.Debug|Any CPU.Build.0 = Debug|Any CPU
		{E967BB5B-58F5-4A72-932A-F9FEF8F5F270}.Release|Any CPU.ActiveCfg = Release|Any CPU
		{E967BB5B-58F5-4A72-932A-F9FEF8F5F270}.Release|Any CPU.Build.0 = Release|Any CPU
		{0EF371F5-7ADB-4A30-BD0C-2AE58FF98D0F}.Debug|Any CPU.ActiveCfg = Debug|Any CPU
		{0EF371F5-7ADB-4A30-BD0C-2AE58FF98D0F}.Debug|Any CPU.Build.0 = Debug|Any CPU
		{0EF371F5-7ADB-4A30-BD0C-2AE58FF98D0F}.Release|Any CPU.ActiveCfg = Release|Any CPU
		{0EF371F5-7ADB-4A30-BD0C-2AE58FF98D0F}.Release|Any CPU.Build.0 = Release|Any CPU
		{70972D64-6F4A-403D-A726-301E6E6FDB1D}.Debug|Any CPU.ActiveCfg = Debug|Any CPU
		{70972D64-6F4A-403D-A726-301E6E6FDB1D}.Debug|Any CPU.Build.0 = Debug|Any CPU
		{70972D64-6F4A-403D-A726-301E6E6FDB1D}.Release|Any CPU.ActiveCfg = Release|Any CPU
		{70972D64-6F4A-403D-A726-301E6E6FDB1D}.Release|Any CPU.Build.0 = Release|Any CPU
		{4CF8FBBD-6125-4F40-9E29-C94542D5343C}.Debug|Any CPU.ActiveCfg = Debug|Any CPU
		{4CF8FBBD-6125-4F40-9E29-C94542D5343C}.Debug|Any CPU.Build.0 = Debug|Any CPU
		{4CF8FBBD-6125-4F40-9E29-C94542D5343C}.Release|Any CPU.ActiveCfg = Release|Any CPU
		{4CF8FBBD-6125-4F40-9E29-C94542D5343C}.Release|Any CPU.Build.0 = Release|Any CPU
		{36C59DAC-1BA4-484F-B3AD-770D70331827}.Debug|Any CPU.ActiveCfg = Debug|Any CPU
		{36C59DAC-1BA4-484F-B3AD-770D70331827}.Debug|Any CPU.Build.0 = Debug|Any CPU
		{36C59DAC-1BA4-484F-B3AD-770D70331827}.Release|Any CPU.ActiveCfg = Release|Any CPU
		{36C59DAC-1BA4-484F-B3AD-770D70331827}.Release|Any CPU.Build.0 = Release|Any CPU
	EndGlobalSection
	GlobalSection(SolutionProperties) = preSolution
		HideSolutionNode = FALSE
	EndGlobalSection
	GlobalSection(ExtensibilityGlobals) = postSolution
		SolutionGuid = {70AF96D8-9DDF-4AAF-85F1-60626A6E49BE}
	EndGlobalSection
EndGlobal
